
Microsoft Visual Studio Solution File, Format Version 12.00
# Visual Studio 15
VisualStudioVersion = 15.0.28307.1259
MinimumVisualStudioVersion = 10.0.40219.1
Project("{9A19103F-16F7-4668-BE54-9A1E7A4F7556}") = "testCICD", "testCICD\testCICD.csproj", "{1FE992FA-3308-4E8C-841E-C1A398874AF1}"
EndProject
Project("{FAE04EC0-301F-11D3-BF4B-00C04F79EFBC}") = "testCiCdXunit", "testCiCdXunit\testCiCdXunit.csproj", "{BEDF4079-540E-4307-B810-B7309A3C7A4E}"
EndProject
Global
	GlobalSection(SolutionConfigurationPlatforms) = preSolution
		Debug|Any CPU = Debug|Any CPU
		Release|Any CPU = Release|Any CPU
	EndGlobalSection
	GlobalSection(ProjectConfigurationPlatforms) = postSolution
		{1FE992FA-3308-4E8C-841E-C1A398874AF1}.Debug|Any CPU.ActiveCfg = Debug|Any CPU
		{1FE992FA-3308-4E8C-841E-C1A398874AF1}.Debug|Any CPU.Build.0 = Debug|Any CPU
		{1FE992FA-3308-4E8C-841E-C1A398874AF1}.Release|Any CPU.ActiveCfg = Release|Any CPU
		{1FE992FA-3308-4E8C-841E-C1A398874AF1}.Release|Any CPU.Build.0 = Release|Any CPU
		{BEDF4079-540E-4307-B810-B7309A3C7A4E}.Debug|Any CPU.ActiveCfg = Debug|Any CPU
		{BEDF4079-540E-4307-B810-B7309A3C7A4E}.Debug|Any CPU.Build.0 = Debug|Any CPU
		{BEDF4079-540E-4307-B810-B7309A3C7A4E}.Release|Any CPU.ActiveCfg = Release|Any CPU
		{BEDF4079-540E-4307-B810-B7309A3C7A4E}.Release|Any CPU.Build.0 = Release|Any CPU
	EndGlobalSection
	GlobalSection(SolutionProperties) = preSolution
		HideSolutionNode = FALSE
	EndGlobalSection
	GlobalSection(ExtensibilityGlobals) = postSolution
		SolutionGuid = {A60B5EC6-F10A-49FB-8B5F-8748A2E76021}
	EndGlobalSection
EndGlobal
